
Microsoft Visual Studio Solution File, Format Version 12.00
# Visual Studio Version 16
VisualStudioVersion = 16.0.32126.315
MinimumVisualStudioVersion = 10.0.40219.1
Project("{FAE04EC0-301F-11D3-BF4B-00C04F79EFBC}") = "santigrat-fahrenahytderece", "santigrat-fahrenahytderece\santigrat-fahrenahytderece.csproj", "{59AD145C-1B29-490F-AD36-A1D5CA4DF440}"
EndProject
Global
	GlobalSection(SolutionConfigurationPlatforms) = preSolution
		Debug|Any CPU = Debug|Any CPU
		Release|Any CPU = Release|Any CPU
	EndGlobalSection
	GlobalSection(ProjectConfigurationPlatforms) = postSolution
		{59AD145C-1B29-490F-AD36-A1D5CA4DF440}.Debug|Any CPU.ActiveCfg = Debug|Any CPU
		{59AD145C-1B29-490F-AD36-A1D5CA4DF440}.Debug|Any CPU.Build.0 = Debug|Any CPU
		{59AD145C-1B29-490F-AD36-A1D5CA4DF440}.Release|Any CPU.ActiveCfg = Release|Any CPU
		{59AD145C-1B29-490F-AD36-A1D5CA4DF440}.Release|Any CPU.Build.0 = Release|Any CPU
	EndGlobalSection
	GlobalSection(SolutionProperties) = preSolution
		HideSolutionNode = FALSE
	EndGlobalSection
	GlobalSection(ExtensibilityGlobals) = postSolution
		SolutionGuid = {A84AC6D1-B6A6-48E5-A196-9295F53CD415}
	EndGlobalSection
EndGlobal
